
Microsoft Visual Studio Solution File, Format Version 12.00
# Visual Studio 14
VisualStudioVersion = 14.0.25420.1
MinimumVisualStudioVersion = 10.0.40219.1
Project("{2150E333-8FDC-42A3-9474-1A3956D46DE8}") = "Sun", "Sun", "{7B3B679B-DF60-43CE-BD95-1BEDCAC5D8A6}"
EndProject
Project("{2150E333-8FDC-42A3-9474-1A3956D46DE8}") = "dependence", "dependence", "{DC2AA840-0BE1-49D4-8A5E-0FEB7FB7A16A}"
EndProject
Project("{8BC9CEB8-8B4A-11D0-8D11-00A0C91BC942}") = "lua5.1_lib", "src\lua\mak.vs2008\lua5.1_lib.vcxproj", "{D7488B96-456A-1E46-8B0B-0F698E025694}"
EndProject
Project("{8BC9CEB8-8B4A-11D0-8D11-00A0C91BC942}") = "ZLib", "src\ZLib\ZLib.2008.vcxproj", "{33134F61-C1AD-4B6F-9CEA-503A9F140C52}"
EndProject
Project("{2150E333-8FDC-42A3-9474-1A3956D46DE8}") = "Sample", "Sample", "{B69473A6-76BF-45BC-8445-E0EEB9C7ED52}"
EndProject
Project("{8BC9CEB8-8B4A-11D0-8D11-00A0C91BC942}") = "Sample_Window", "src\Sample_Window\Sample_Window.vcxproj", "{ED79B5BE-288D-4280-BF66-BAC3533610CE}"
EndProject
Project("{8BC9CEB8-8B4A-11D0-8D11-00A0C91BC942}") = "tinyxml", "src\tinyxml\tinyxml_lib.vcxproj", "{C406DAEC-0886-4771-8DEA-9D7329B46CC1}"
EndProject
Project("{8BC9CEB8-8B4A-11D0-8D11-00A0C91BC942}") = "SunFoundationLibrary", "src\SunFoundationLibrary\SunFoundationLibrary.vcxproj", "{709B9FB9-4EA3-403D-AF60-3E233F3CA886}"
EndProject
Global
	GlobalSection(SolutionConfigurationPlatforms) = preSolution
		Debug|x64 = Debug|x64
		Debug|x86 = Debug|x86
		Release|x64 = Release|x64
		Release|x86 = Release|x86
	EndGlobalSection
	GlobalSection(ProjectConfigurationPlatforms) = postSolution
		{D7488B96-456A-1E46-8B0B-0F698E025694}.Debug|x64.ActiveCfg = Debug|x64
		{D7488B96-456A-1E46-8B0B-0F698E025694}.Debug|x64.Build.0 = Debug|x64
		{D7488B96-456A-1E46-8B0B-0F698E025694}.Debug|x86.ActiveCfg = Debug|Win32
		{D7488B96-456A-1E46-8B0B-0F698E025694}.Debug|x86.Build.0 = Debug|Win32
		{D7488B96-456A-1E46-8B0B-0F698E025694}.Release|x64.ActiveCfg = Release|x64
		{D7488B96-456A-1E46-8B0B-0F698E025694}.Release|x64.Build.0 = Release|x64
		{D7488B96-456A-1E46-8B0B-0F698E025694}.Release|x86.ActiveCfg = Release|Win32
		{D7488B96-456A-1E46-8B0B-0F698E025694}.Release|x86.Build.0 = Release|Win32
		{33134F61-C1AD-4B6F-9CEA-503A9F140C52}.Debug|x64.ActiveCfg = Debug|x64
		{33134F61-C1AD-4B6F-9CEA-503A9F140C52}.Debug|x64.Build.0 = Debug|x64
		{33134F61-C1AD-4B6F-9CEA-503A9F140C52}.Debug|x86.ActiveCfg = Debug|Win32
		{33134F61-C1AD-4B6F-9CEA-503A9F140C52}.Debug|x86.Build.0 = Debug|Win32
		{33134F61-C1AD-4B6F-9CEA-503A9F140C52}.Release|x64.ActiveCfg = Release|x64
		{33134F61-C1AD-4B6F-9CEA-503A9F140C52}.Release|x64.Build.0 = Release|x64
		{33134F61-C1AD-4B6F-9CEA-503A9F140C52}.Release|x86.ActiveCfg = Release|Win32
		{33134F61-C1AD-4B6F-9CEA-503A9F140C52}.Release|x86.Build.0 = Release|Win32
		{ED79B5BE-288D-4280-BF66-BAC3533610CE}.Debug|x64.ActiveCfg = Debug|x64
		{ED79B5BE-288D-4280-BF66-BAC3533610CE}.Debug|x64.Build.0 = Debug|x64
		{ED79B5BE-288D-4280-BF66-BAC3533610CE}.Debug|x86.ActiveCfg = Debug|Win32
		{ED79B5BE-288D-4280-BF66-BAC3533610CE}.Debug|x86.Build.0 = Debug|Win32
		{ED79B5BE-288D-4280-BF66-BAC3533610CE}.Release|x64.ActiveCfg = Release|x64
		{ED79B5BE-288D-4280-BF66-BAC3533610CE}.Release|x64.Build.0 = Release|x64
		{ED79B5BE-288D-4280-BF66-BAC3533610CE}.Release|x86.ActiveCfg = Release|Win32
		{ED79B5BE-288D-4280-BF66-BAC3533610CE}.Release|x86.Build.0 = Release|Win32
		{C406DAEC-0886-4771-8DEA-9D7329B46CC1}.Debug|x64.ActiveCfg = Debug|x64
		{C406DAEC-0886-4771-8DEA-9D7329B46CC1}.Debug|x64.Build.0 = Debug|x64
		{C406DAEC-0886-4771-8DEA-9D7329B46CC1}.Debug|x86.ActiveCfg = Debug|Win32
		{C406DAEC-0886-4771-8DEA-9D7329B46CC1}.Debug|x86.Build.0 = Debug|Win32
		{C406DAEC-0886-4771-8DEA-9D7329B46CC1}.Release|x64.ActiveCfg = Release|x64
		{C406DAEC-0886-4771-8DEA-9D7329B46CC1}.Release|x64.Build.0 = Release|x64
		{C406DAEC-0886-4771-8DEA-9D7329B46CC1}.Release|x86.ActiveCfg = Release|Win32
		{C406DAEC-0886-4771-8DEA-9D7329B46CC1}.Release|x86.Build.0 = Release|Win32
		{709B9FB9-4EA3-403D-AF60-3E233F3CA886}.Debug|x64.ActiveCfg = Debug|x64
		{709B9FB9-4EA3-403D-AF60-3E233F3CA886}.Debug|x64.Build.0 = Debug|x64
		{709B9FB9-4EA3-403D-AF60-3E233F3CA886}.Debug|x86.ActiveCfg = Debug|Win32
		{709B9FB9-4EA3-403D-AF60-3E233F3CA886}.Debug|x86.Build.0 = Debug|Win32
		{709B9FB9-4EA3-403D-AF60-3E233F3CA886}.Release|x64.ActiveCfg = Release|x64
		{709B9FB9-4EA3-403D-AF60-3E233F3CA886}.Release|x64.Build.0 = Release|x64
		{709B9FB9-4EA3-403D-AF60-3E233F3CA886}.Release|x86.ActiveCfg = Release|Win32
		{709B9FB9-4EA3-403D-AF60-3E233F3CA886}.Release|x86.Build.0 = Release|Win32
	EndGlobalSection
	GlobalSection(SolutionProperties) = preSolution
		HideSolutionNode = FALSE
	EndGlobalSection
	GlobalSection(NestedProjects) = preSolution
		{D7488B96-456A-1E46-8B0B-0F698E025694} = {DC2AA840-0BE1-49D4-8A5E-0FEB7FB7A16A}
		{33134F61-C1AD-4B6F-9CEA-503A9F140C52} = {DC2AA840-0BE1-49D4-8A5E-0FEB7FB7A16A}
		{ED79B5BE-288D-4280-BF66-BAC3533610CE} = {B69473A6-76BF-45BC-8445-E0EEB9C7ED52}
		{C406DAEC-0886-4771-8DEA-9D7329B46CC1} = {DC2AA840-0BE1-49D4-8A5E-0FEB7FB7A16A}
		{709B9FB9-4EA3-403D-AF60-3E233F3CA886} = {7B3B679B-DF60-43CE-BD95-1BEDCAC5D8A6}
	EndGlobalSection
EndGlobal
