<?xml version="1.0" encoding="utf-8"?>
<Project ToolsVersion="4.0" xmlns="http://schemas.microsoft.com/developer/msbuild/2003">
  <ItemGroup>
    <Filter Include="Source Files">
      <UniqueIdentifier>{4FC737F1-C7A5-4376-A066-2A32D752A2FF}</UniqueIdentifier>
      <Extensions>cpp;c;cc;cxx;def;odl;idl;hpj;bat;asm;asmx</Extensions>
    </Filter>
    <Filter Include="Header Files">
      <UniqueIdentifier>{93995380-89BD-4b04-88EB-625FBE52EBFB}</UniqueIdentifier>
      <Extensions>h;hh;hpp;hxx;hm;inl;inc;xsd</Extensions>
    </Filter>
    <Filter Include="Resource Files">
      <UniqueIdentifier>{67DA6AB6-F800-4c08-8B7A-83BB121AAD01}</UniqueIdentifier>
      <Extensions>rc;ico;cur;bmp;dlg;rc2;rct;bin;rgs;gif;jpg;jpeg;jpe;resx;tiff;tif;png;wav;mfcribbon-ms</Extensions>
    </Filter>
    <Filter Include="Utils">
      <UniqueIdentifier>{82a8c4c4-7ca2-4920-9650-153ed1c2a219}</UniqueIdentifier>
    </Filter>
  </ItemGroup>
  <ItemGroup>
    <Text Include="ReadMe.txt" />
  </ItemGroup>
  <ItemGroup>
    <ClCompile Include="TSConfigFile.cpp">
      <Filter>Utils</Filter>
    </ClCompile>
    <ClCompile Include="TSConsole.cpp">
      <Filter>Utils</Filter>
    </ClCompile>
    <ClCompile Include="TSConsoleInput.cpp">
      <Filter>Utils</Filter>
    </ClCompile>
    <ClCompile Include="TSConsoleOutput.cpp">
      <Filter>Utils</Filter>
    </ClCompile>
    <ClCompile Include="TSLangDict.cpp">
      <Filter>Utils</Filter>
    </ClCompile>
    <ClCompile Include="TSLog.cpp">
      <Filter>Utils</Filter>
    </ClCompile>
    <ClCompile Include="TSLuaBase.cpp">
      <Filter>Utils</Filter>
    </ClCompile>
    <ClCompile Include="TSMemFile.cpp">
      <Filter>Utils</Filter>
    </ClCompile>
    <ClCompile Include="TSTimer.cpp">
      <Filter>Utils</Filter>
    </ClCompile>
    <ClCompile Include="TSTxtFileReader.cpp">
      <Filter>Utils</Filter>
    </ClCompile>
    <ClCompile Include="TSTxtFileWriter.cpp">
      <Filter>Utils</Filter>
    </ClCompile>
    <ClCompile Include="TSUTF8FileReader.cpp">
      <Filter>Utils</Filter>
    </ClCompile>
    <ClCompile Include="TSUTF8FileWriter.cpp">
      <Filter>Utils</Filter>
    </ClCompile>
    <ClCompile Include="TSZip.cpp">
      <Filter>Utils</Filter>
    </ClCompile>
    <ClCompile Include="TSBinaryFileProcessor.cpp">
      <Filter>Utils</Filter>
    </ClCompile>
  </ItemGroup>
  <ItemGroup>
    <ClInclude Include="TSConfigFile.h">
      <Filter>Utils</Filter>
    </ClInclude>
    <ClInclude Include="TSConsole.h">
      <Filter>Utils</Filter>
    </ClInclude>
    <ClInclude Include="TSConsoleInput.h">
      <Filter>Utils</Filter>
    </ClInclude>
    <ClInclude Include="TSConsoleOutput.h">
      <Filter>Utils</Filter>
    </ClInclude>
    <ClInclude Include="TSLangDict.h">
      <Filter>Utils</Filter>
    </ClInclude>
    <ClInclude Include="TSLog.h">
      <Filter>Utils</Filter>
    </ClInclude>
    <ClInclude Include="TSLuaBase.h">
      <Filter>Utils</Filter>
    </ClInclude>
    <ClInclude Include="TSMemFile.h">
      <Filter>Utils</Filter>
    </ClInclude>
    <ClInclude Include="TSTimer.h">
      <Filter>Utils</Filter>
    </ClInclude>
    <ClInclude Include="TSTxtFileReader.h">
      <Filter>Utils</Filter>
    </ClInclude>
    <ClInclude Include="TSTxtFileWriter.h">
      <Filter>Utils</Filter>
    </ClInclude>
    <ClInclude Include="TSUTF8FileReader.h">
      <Filter>Utils</Filter>
    </ClInclude>
    <ClInclude Include="TSUTF8FileWriter.h">
      <Filter>Utils</Filter>
    </ClInclude>
    <ClInclude Include="TSZip.h">
      <Filter>Utils</Filter>
    </ClInclude>
    <ClInclude Include="TSBinaryFileProcessor.h">
      <Filter>Utils</Filter>
    </ClInclude>
  </ItemGroup>
</Project>