<?xml version="1.0" encoding="utf-8"?>
<Project ToolsVersion="4.0" xmlns="http://schemas.microsoft.com/developer/msbuild/2003">
  <ItemGroup>
    <Filter Include="Source Files">
      <UniqueIdentifier>{4FC737F1-C7A5-4376-A066-2A32D752A2FF}</UniqueIdentifier>
      <Extensions>cpp;c;cc;cxx;def;odl;idl;hpj;bat;asm;asmx</Extensions>
    </Filter>
    <Filter Include="Header Files">
      <UniqueIdentifier>{93995380-89BD-4b04-88EB-625FBE52EBFB}</UniqueIdentifier>
      <Extensions>h;hh;hpp;hxx;hm;inl;inc;xsd</Extensions>
    </Filter>
    <Filter Include="Resource Files">
      <UniqueIdentifier>{67DA6AB6-F800-4c08-8B7A-83BB121AAD01}</UniqueIdentifier>
      <Extensions>rc;ico;cur;bmp;dlg;rc2;rct;bin;rgs;gif;jpg;jpeg;jpe;resx;tiff;tif;png;wav;mfcribbon-ms</Extensions>
    </Filter>
    <Filter Include="Common">
      <UniqueIdentifier>{68545f3e-2969-4e1a-96ce-f3649ca04733}</UniqueIdentifier>
    </Filter>
  </ItemGroup>
  <ItemGroup>
    <Text Include="ReadMe.txt" />
  </ItemGroup>
  <ItemGroup>
    <ClInclude Include="TSAutoPtr.h">
      <Filter>Common</Filter>
    </ClInclude>
    <ClInclude Include="TSCommonFunc.h">
      <Filter>Common</Filter>
    </ClInclude>
    <ClInclude Include="TSCommonTypeDef.h">
      <Filter>Common</Filter>
    </ClInclude>
    <ClInclude Include="TSConfigDef.h">
      <Filter>Common</Filter>
    </ClInclude>
    <ClInclude Include="TSDateTime.h">
      <Filter>Common</Filter>
    </ClInclude>
    <ClInclude Include="TSList.h">
      <Filter>Common</Filter>
    </ClInclude>
    <ClInclude Include="TSLock.h">
      <Filter>Common</Filter>
    </ClInclude>
    <ClInclude Include="TSMap.h">
      <Filter>Common</Filter>
    </ClInclude>
    <ClInclude Include="TSMutex.h">
      <Filter>Common</Filter>
    </ClInclude>
    <ClInclude Include="TSPair.h">
      <Filter>Common</Filter>
    </ClInclude>
    <ClInclude Include="TSSharedPtr.h">
      <Filter>Common</Filter>
    </ClInclude>
    <ClInclude Include="TSSingleton.h">
      <Filter>Common</Filter>
    </ClInclude>
    <ClInclude Include="TSString.h">
      <Filter>Common</Filter>
    </ClInclude>
    <ClInclude Include="TSMemAllocator.h">
      <Filter>Common</Filter>
    </ClInclude>
    <ClInclude Include="TSMemDef.h">
      <Filter>Common</Filter>
    </ClInclude>
  </ItemGroup>
  <ItemGroup>
    <ClCompile Include="TSDateTime.cpp">
      <Filter>Common</Filter>
    </ClCompile>
    <ClCompile Include="TSString.cpp">
      <Filter>Common</Filter>
    </ClCompile>
    <ClCompile Include="TSMemAllocator.cpp">
      <Filter>Common</Filter>
    </ClCompile>
  </ItemGroup>
</Project>